
Microsoft Visual Studio Solution File, Format Version 12.00
# Visual Studio Version 17
VisualStudioVersion = 17.1.32210.238
MinimumVisualStudioVersion = 10.0.40219.1
Project("{FAE04EC0-301F-11D3-BF4B-00C04F79EFBC}") = "Test", "Test\Test.csproj", "{E56C9259-F9CD-42CD-AA18-65BB671B0E3E}"
EndProject
Global
	GlobalSection(SolutionConfigurationPlatforms) = preSolution
		Debug|Any CPU = Debug|Any CPU
		Release|Any CPU = Release|Any CPU
	EndGlobalSection
	GlobalSection(ProjectConfigurationPlatforms) = postSolution
		{E56C9259-F9CD-42CD-AA18-65BB671B0E3E}.Debug|Any CPU.ActiveCfg = Debug|Any CPU
		{E56C9259-F9CD-42CD-AA18-65BB671B0E3E}.Debug|Any CPU.Build.0 = Debug|Any CPU
		{E56C9259-F9CD-42CD-AA18-65BB671B0E3E}.Release|Any CPU.ActiveCfg = Release|Any CPU
		{E56C9259-F9CD-42CD-AA18-65BB671B0E3E}.Release|Any CPU.Build.0 = Release|Any CPU
	EndGlobalSection
	GlobalSection(SolutionProperties) = preSolution
		HideSolutionNode = FALSE
	EndGlobalSection
	GlobalSection(ExtensibilityGlobals) = postSolution
		SolutionGuid = {BBDC9C18-ECD1-4A04-B0CF-31043F50EEF4}
	EndGlobalSection
EndGlobal
